
Microsoft Visual Studio Solution File, Format Version 12.00
# Visual Studio 2012
Project("{8BC9CEB8-8B4A-11D0-8D11-00A0C91BC942}") = "Поиск файлов и папок", "Поиск файлов и папок\Поиск файлов и папок.vcxproj", "{F2BB5AE5-507E-49EF-AE64-B1CE18DA67EB}"
EndProject
Global
	GlobalSection(SolutionConfigurationPlatforms) = preSolution
		Debug|Win32 = Debug|Win32
		Release|Win32 = Release|Win32
	EndGlobalSection
	GlobalSection(ProjectConfigurationPlatforms) = postSolution
		{F2BB5AE5-507E-49EF-AE64-B1CE18DA67EB}.Debug|Win32.ActiveCfg = Debug|Win32
		{F2BB5AE5-507E-49EF-AE64-B1CE18DA67EB}.Debug|Win32.Build.0 = Debug|Win32
		{F2BB5AE5-507E-49EF-AE64-B1CE18DA67EB}.Release|Win32.ActiveCfg = Release|Win32
		{F2BB5AE5-507E-49EF-AE64-B1CE18DA67EB}.Release|Win32.Build.0 = Release|Win32
	EndGlobalSection
	GlobalSection(SolutionProperties) = preSolution
		HideSolutionNode = FALSE
	EndGlobalSection
EndGlobal
